
Microsoft Visual Studio Solution File, Format Version 12.00
# Visual Studio Version 16
VisualStudioVersion = 16.0.30907.101
MinimumVisualStudioVersion = 10.0.40219.1
Project("{FAE04EC0-301F-11D3-BF4B-00C04F79EFBC}") = "Day4", "Day4.csproj", "{528BC5FB-50F9-43F1-9C4C-38B6DF4E723F}"
EndProject
Global
	GlobalSection(SolutionConfigurationPlatforms) = preSolution
		Debug|Any CPU = Debug|Any CPU
		Release|Any CPU = Release|Any CPU
	EndGlobalSection
	GlobalSection(ProjectConfigurationPlatforms) = postSolution
		{528BC5FB-50F9-43F1-9C4C-38B6DF4E723F}.Debug|Any CPU.ActiveCfg = Debug|Any CPU
		{528BC5FB-50F9-43F1-9C4C-38B6DF4E723F}.Debug|Any CPU.Build.0 = Debug|Any CPU
		{528BC5FB-50F9-43F1-9C4C-38B6DF4E723F}.Release|Any CPU.ActiveCfg = Release|Any CPU
		{528BC5FB-50F9-43F1-9C4C-38B6DF4E723F}.Release|Any CPU.Build.0 = Release|Any CPU
	EndGlobalSection
	GlobalSection(SolutionProperties) = preSolution
		HideSolutionNode = FALSE
	EndGlobalSection
	GlobalSection(ExtensibilityGlobals) = postSolution
		SolutionGuid = {DD27761E-AA94-455F-B619-466393082499}
	EndGlobalSection
EndGlobal
